
Microsoft Visual Studio Solution File, Format Version 12.00
# Visual Studio Version 16
VisualStudioVersion = 16.0.31729.503
MinimumVisualStudioVersion = 10.0.40219.1
Project("{8BC9CEB8-8B4A-11D0-8D11-00A0C91BC942}") = "E12H7", "E12H7.vcxproj", "{333BC743-2DC8-4702-9CD4-521AD939E80E}"
EndProject
Global
	GlobalSection(SolutionConfigurationPlatforms) = preSolution
		Debug|x86 = Debug|x86
		Release|x86 = Release|x86
	EndGlobalSection
	GlobalSection(ProjectConfigurationPlatforms) = postSolution
		{333BC743-2DC8-4702-9CD4-521AD939E80E}.Debug|x64.ActiveCfg = Debug|Win32
		{333BC743-2DC8-4702-9CD4-521AD939E80E}.Debug|x86.ActiveCfg = Debug|Win32
		{333BC743-2DC8-4702-9CD4-521AD939E80E}.Debug|x86.Build.0 = Debug|Win32
		{333BC743-2DC8-4702-9CD4-521AD939E80E}.Release|x64.ActiveCfg = Release|Win32
		{333BC743-2DC8-4702-9CD4-521AD939E80E}.Release|x86.ActiveCfg = Release|Win32
		{333BC743-2DC8-4702-9CD4-521AD939E80E}.Release|x86.Build.0 = Release|Win32
	EndGlobalSection
	GlobalSection(SolutionProperties) = preSolution
		HideSolutionNode = FALSE
	EndGlobalSection
	GlobalSection(ExtensibilityGlobals) = postSolution
		SolutionGuid = {05E4600B-9DEE-4545-9BE7-76BE048229E3}
	EndGlobalSection
EndGlobal
