
Microsoft Visual Studio Solution File, Format Version 12.00
# Visual Studio Version 16
VisualStudioVersion = 16.0.31729.503
MinimumVisualStudioVersion = 10.0.40219.1
Project("{8BC9CEB8-8B4A-11D0-8D11-00A0C91BC942}") = "6STM32_SPI_IG_SLV", "6STM32_SPI_IG_SLV.vcxproj", "{7A4CC397-6377-4591-A8CE-79298D112326}"
EndProject
Global
	GlobalSection(SolutionConfigurationPlatforms) = preSolution
		Debug|x86 = Debug|x86
		Release|x86 = Release|x86
	EndGlobalSection
	GlobalSection(ProjectConfigurationPlatforms) = postSolution
		{7A4CC397-6377-4591-A8CE-79298D112326}.Debug|x64.ActiveCfg = Debug|Win32
		{7A4CC397-6377-4591-A8CE-79298D112326}.Debug|x86.ActiveCfg = Debug|Win32
		{7A4CC397-6377-4591-A8CE-79298D112326}.Debug|x86.Build.0 = Debug|Win32
		{7A4CC397-6377-4591-A8CE-79298D112326}.Release|x64.ActiveCfg = Release|Win32
		{7A4CC397-6377-4591-A8CE-79298D112326}.Release|x86.ActiveCfg = Release|Win32
		{7A4CC397-6377-4591-A8CE-79298D112326}.Release|x86.Build.0 = Release|Win32
	EndGlobalSection
	GlobalSection(SolutionProperties) = preSolution
		HideSolutionNode = FALSE
	EndGlobalSection
	GlobalSection(ExtensibilityGlobals) = postSolution
		SolutionGuid = {FD26FB9D-1525-4F4A-B39F-CB8ADA16B2FF}
	EndGlobalSection
EndGlobal
