<?xml version="1.0" encoding="utf-8"?>
<Project ToolsVersion="4.0" xmlns="http://schemas.microsoft.com/developer/msbuild/2003">
  <ItemGroup>
    <Filter Include="Source files">
      <UniqueIdentifier>{31197bcf-601f-450b-af6f-0866c94108a2}</UniqueIdentifier>
      <Extensions>cpp;c;cc;cxx;def;odl;idl;hpj;bat;asm;asmx</Extensions>
    </Filter>
    <Filter Include="Header files">
      <UniqueIdentifier>{a8ba49a1-1f9e-4ec7-b245-a3a1ce2b7fa8}</UniqueIdentifier>
      <Extensions>h;hpp;hxx;hm;inl;inc;xsd</Extensions>
    </Filter>
    <Filter Include="Resource files">
      <UniqueIdentifier>{d4ed59a6-ebaf-4ee0-b126-23f4e476bc81}</UniqueIdentifier>
      <Extensions>rc;ico;cur;bmp;dlg;rc2;rct;bin;rgs;gif;jpg;jpeg;jpe;resx;tiff;tif;png;wav</Extensions>
    </Filter>
    <Filter Include="Source files\Device-specific files">
      <UniqueIdentifier>{85b30d43-619d-4404-92d3-fca5e800d5f1}</UniqueIdentifier>
    </Filter>
    <Filter Include="Source files\Device-specific files\LL">
      <UniqueIdentifier>{a006d87f-c5d6-4864-91bf-a131eabc1ee9}</UniqueIdentifier>
    </Filter>
    <Filter Include="Header files\Device-specific files">
      <UniqueIdentifier>{b90cbf7a-bdf9-4c20-9b5f-f6dd71f6c724}</UniqueIdentifier>
    </Filter>
    <Filter Include="Header files\Device-specific files\LL">
      <UniqueIdentifier>{a028a75a-845b-4c4b-88cc-09f6bc4110e7}</UniqueIdentifier>
    </Filter>
    <Filter Include="Make files">
      <UniqueIdentifier>{a38fda2b-c61c-4d57-8bd8-ee78b633b7eb}</UniqueIdentifier>
    </Filter>
    <Filter Include="VisualGDB settings">
      <UniqueIdentifier>{35b0db7e-d4b0-4f69-a4d6-ad5a465874bc}</UniqueIdentifier>
    </Filter>
    <Filter Include="Source files\source">
      <UniqueIdentifier>{9530c950-05ae-4d09-a48b-329137074afe}</UniqueIdentifier>
    </Filter>
  </ItemGroup>
  <ItemGroup>
    <None Include="Makefile" />
  </ItemGroup>
  <ItemGroup>
    <ClCompile Include="4GD32_108MHZ_TEST.c">
      <Filter>Source files</Filter>
    </ClCompile>
    <ClCompile Include="system_stm32f1xx.c">
      <Filter>Source files</Filter>
    </ClCompile>
    <None Include="stm32.mak">
      <Filter>Source files\Device-specific files</Filter>
    </None>
    <ClCompile Include="$(BSP_ROOT)\STM32F1xxxx\StartupFiles\startup_stm32f103xg.c">
      <Filter>Source files\Device-specific files</Filter>
    </ClCompile>
    <ClCompile Include="$(BSP_ROOT)\STM32F1xxxx\STM32F1xx_HAL_Driver\Src\stm32f1xx_ll_adc.c">
      <Filter>Source files\Device-specific files\LL</Filter>
    </ClCompile>
    <ClCompile Include="$(BSP_ROOT)\STM32F1xxxx\STM32F1xx_HAL_Driver\Src\stm32f1xx_ll_crc.c">
      <Filter>Source files\Device-specific files\LL</Filter>
    </ClCompile>
    <ClCompile Include="$(BSP_ROOT)\STM32F1xxxx\STM32F1xx_HAL_Driver\Src\stm32f1xx_ll_dac.c">
      <Filter>Source files\Device-specific files\LL</Filter>
    </ClCompile>
    <ClCompile Include="$(BSP_ROOT)\STM32F1xxxx\STM32F1xx_HAL_Driver\Src\stm32f1xx_ll_dma.c">
      <Filter>Source files\Device-specific files\LL</Filter>
    </ClCompile>
    <ClCompile Include="$(BSP_ROOT)\STM32F1xxxx\STM32F1xx_HAL_Driver\Src\stm32f1xx_ll_exti.c">
      <Filter>Source files\Device-specific files\LL</Filter>
    </ClCompile>
    <ClCompile Include="$(BSP_ROOT)\STM32F1xxxx\STM32F1xx_HAL_Driver\Src\stm32f1xx_ll_fsmc.c">
      <Filter>Source files\Device-specific files\LL</Filter>
    </ClCompile>
    <ClCompile Include="$(BSP_ROOT)\STM32F1xxxx\STM32F1xx_HAL_Driver\Src\stm32f1xx_ll_gpio.c">
      <Filter>Source files\Device-specific files\LL</Filter>
    </ClCompile>
    <ClCompile Include="$(BSP_ROOT)\STM32F1xxxx\STM32F1xx_HAL_Driver\Src\stm32f1xx_ll_i2c.c">
      <Filter>Source files\Device-specific files\LL</Filter>
    </ClCompile>
    <ClCompile Include="$(BSP_ROOT)\STM32F1xxxx\STM32F1xx_HAL_Driver\Src\stm32f1xx_ll_pwr.c">
      <Filter>Source files\Device-specific files\LL</Filter>
    </ClCompile>
    <ClCompile Include="$(BSP_ROOT)\STM32F1xxxx\STM32F1xx_HAL_Driver\Src\stm32f1xx_ll_rcc.c">
      <Filter>Source files\Device-specific files\LL</Filter>
    </ClCompile>
    <ClCompile Include="$(BSP_ROOT)\STM32F1xxxx\STM32F1xx_HAL_Driver\Src\stm32f1xx_ll_rtc.c">
      <Filter>Source files\Device-specific files\LL</Filter>
    </ClCompile>
    <ClCompile Include="$(BSP_ROOT)\STM32F1xxxx\STM32F1xx_HAL_Driver\Src\stm32f1xx_ll_sdmmc.c">
      <Filter>Source files\Device-specific files\LL</Filter>
    </ClCompile>
    <ClCompile Include="$(BSP_ROOT)\STM32F1xxxx\STM32F1xx_HAL_Driver\Src\stm32f1xx_ll_spi.c">
      <Filter>Source files\Device-specific files\LL</Filter>
    </ClCompile>
    <ClCompile Include="$(BSP_ROOT)\STM32F1xxxx\STM32F1xx_HAL_Driver\Src\stm32f1xx_ll_tim.c">
      <Filter>Source files\Device-specific files\LL</Filter>
    </ClCompile>
    <ClCompile Include="$(BSP_ROOT)\STM32F1xxxx\STM32F1xx_HAL_Driver\Src\stm32f1xx_ll_usart.c">
      <Filter>Source files\Device-specific files\LL</Filter>
    </ClCompile>
    <ClCompile Include="$(BSP_ROOT)\STM32F1xxxx\STM32F1xx_HAL_Driver\Src\stm32f1xx_ll_utils.c">
      <Filter>Source files\Device-specific files\LL</Filter>
    </ClCompile>
    <ClInclude Include="stm32f1xx_hal_conf.h">
      <Filter>Header files</Filter>
    </ClInclude>
    <ClInclude Include="$(BSP_ROOT)\STM32F1xxxx\STM32F1xx_HAL_Driver\Inc\stm32f1xx_ll_adc.h">
      <Filter>Header files\Device-specific files\LL</Filter>
    </ClInclude>
    <ClInclude Include="$(BSP_ROOT)\STM32F1xxxx\STM32F1xx_HAL_Driver\Inc\stm32f1xx_ll_bus.h">
      <Filter>Header files\Device-specific files\LL</Filter>
    </ClInclude>
    <ClInclude Include="$(BSP_ROOT)\STM32F1xxxx\STM32F1xx_HAL_Driver\Inc\stm32f1xx_ll_cortex.h">
      <Filter>Header files\Device-specific files\LL</Filter>
    </ClInclude>
    <ClInclude Include="$(BSP_ROOT)\STM32F1xxxx\STM32F1xx_HAL_Driver\Inc\stm32f1xx_ll_crc.h">
      <Filter>Header files\Device-specific files\LL</Filter>
    </ClInclude>
    <ClInclude Include="$(BSP_ROOT)\STM32F1xxxx\STM32F1xx_HAL_Driver\Inc\stm32f1xx_ll_dac.h">
      <Filter>Header files\Device-specific files\LL</Filter>
    </ClInclude>
    <ClInclude Include="$(BSP_ROOT)\STM32F1xxxx\STM32F1xx_HAL_Driver\Inc\stm32f1xx_ll_dma.h">
      <Filter>Header files\Device-specific files\LL</Filter>
    </ClInclude>
    <ClInclude Include="$(BSP_ROOT)\STM32F1xxxx\STM32F1xx_HAL_Driver\Inc\stm32f1xx_ll_exti.h">
      <Filter>Header files\Device-specific files\LL</Filter>
    </ClInclude>
    <ClInclude Include="$(BSP_ROOT)\STM32F1xxxx\STM32F1xx_HAL_Driver\Inc\stm32f1xx_ll_fsmc.h">
      <Filter>Header files\Device-specific files\LL</Filter>
    </ClInclude>
    <ClInclude Include="$(BSP_ROOT)\STM32F1xxxx\STM32F1xx_HAL_Driver\Inc\stm32f1xx_ll_gpio.h">
      <Filter>Header files\Device-specific files\LL</Filter>
    </ClInclude>
    <ClInclude Include="$(BSP_ROOT)\STM32F1xxxx\STM32F1xx_HAL_Driver\Inc\stm32f1xx_ll_i2c.h">
      <Filter>Header files\Device-specific files\LL</Filter>
    </ClInclude>
    <ClInclude Include="$(BSP_ROOT)\STM32F1xxxx\STM32F1xx_HAL_Driver\Inc\stm32f1xx_ll_iwdg.h">
      <Filter>Header files\Device-specific files\LL</Filter>
    </ClInclude>
    <ClInclude Include="$(BSP_ROOT)\STM32F1xxxx\STM32F1xx_HAL_Driver\Inc\stm32f1xx_ll_pwr.h">
      <Filter>Header files\Device-specific files\LL</Filter>
    </ClInclude>
    <ClInclude Include="$(BSP_ROOT)\STM32F1xxxx\STM32F1xx_HAL_Driver\Inc\stm32f1xx_ll_rcc.h">
      <Filter>Header files\Device-specific files\LL</Filter>
    </ClInclude>
    <ClInclude Include="$(BSP_ROOT)\STM32F1xxxx\STM32F1xx_HAL_Driver\Inc\stm32f1xx_ll_rtc.h">
      <Filter>Header files\Device-specific files\LL</Filter>
    </ClInclude>
    <ClInclude Include="$(BSP_ROOT)\STM32F1xxxx\STM32F1xx_HAL_Driver\Inc\stm32f1xx_ll_sdmmc.h">
      <Filter>Header files\Device-specific files\LL</Filter>
    </ClInclude>
    <ClInclude Include="$(BSP_ROOT)\STM32F1xxxx\STM32F1xx_HAL_Driver\Inc\stm32f1xx_ll_spi.h">
      <Filter>Header files\Device-specific files\LL</Filter>
    </ClInclude>
    <ClInclude Include="$(BSP_ROOT)\STM32F1xxxx\STM32F1xx_HAL_Driver\Inc\stm32f1xx_ll_system.h">
      <Filter>Header files\Device-specific files\LL</Filter>
    </ClInclude>
    <ClInclude Include="$(BSP_ROOT)\STM32F1xxxx\STM32F1xx_HAL_Driver\Inc\stm32f1xx_ll_tim.h">
      <Filter>Header files\Device-specific files\LL</Filter>
    </ClInclude>
    <ClInclude Include="$(BSP_ROOT)\STM32F1xxxx\STM32F1xx_HAL_Driver\Inc\stm32f1xx_ll_usart.h">
      <Filter>Header files\Device-specific files\LL</Filter>
    </ClInclude>
    <ClInclude Include="$(BSP_ROOT)\STM32F1xxxx\STM32F1xx_HAL_Driver\Inc\stm32f1xx_ll_utils.h">
      <Filter>Header files\Device-specific files\LL</Filter>
    </ClInclude>
    <ClInclude Include="$(BSP_ROOT)\STM32F1xxxx\STM32F1xx_HAL_Driver\Inc\stm32f1xx_ll_wwdg.h">
      <Filter>Header files\Device-specific files\LL</Filter>
    </ClInclude>
    <None Include="debug.mak">
      <Filter>Make files</Filter>
    </None>
    <None Include="release.mak">
      <Filter>Make files</Filter>
    </None>
    <None Include="4GD32_108MHZ_TEST-Debug.vgdbsettings">
      <Filter>VisualGDB settings</Filter>
    </None>
    <None Include="4GD32_108MHZ_TEST-Release.vgdbsettings">
      <Filter>VisualGDB settings</Filter>
    </None>
    <None Include="stm32.xml">
      <Filter>VisualGDB settings</Filter>
    </None>
    <ClCompile Include="source\CLOCK.c">
      <Filter>Source files\source</Filter>
    </ClCompile>
    <ClCompile Include="source\GPIO.c">
      <Filter>Source files\source</Filter>
    </ClCompile>
    <ClCompile Include="source\REMAP.c">
      <Filter>Source files\source</Filter>
    </ClCompile>
    <ClCompile Include="source\SETUP.c">
      <Filter>Source files\source</Filter>
    </ClCompile>
  </ItemGroup>
  <ItemGroup>
    <ClInclude Include="source\CLOCK.h">
      <Filter>Source files\source</Filter>
    </ClInclude>
    <ClInclude Include="source\E12_STM32_Rx.h">
      <Filter>Source files\source</Filter>
    </ClInclude>
    <ClInclude Include="source\GPIO.h">
      <Filter>Source files\source</Filter>
    </ClInclude>
    <ClInclude Include="source\REMAP.h">
      <Filter>Source files\source</Filter>
    </ClInclude>
    <ClInclude Include="source\SETUP.h">
      <Filter>Source files\source</Filter>
    </ClInclude>
    <ClInclude Include="source\STM32_Rx.h">
      <Filter>Source files\source</Filter>
    </ClInclude>
  </ItemGroup>
</Project>