<?xml version="1.0" encoding="utf-8"?>
<Project ToolsVersion="4.0" xmlns="http://schemas.microsoft.com/developer/msbuild/2003">
  <ItemGroup>
    <Filter Include="Source files">
      <UniqueIdentifier>{e781c342-1067-4ac9-b501-2748f0e7616b}</UniqueIdentifier>
      <Extensions>cpp;c;cc;cxx;def;odl;idl;hpj;bat;asm;asmx</Extensions>
    </Filter>
    <Filter Include="Header files">
      <UniqueIdentifier>{b9a40200-318c-4f37-b5d6-f68d150b2d41}</UniqueIdentifier>
      <Extensions>h;hpp;hxx;hm;inl;inc;xsd</Extensions>
    </Filter>
    <Filter Include="Resource files">
      <UniqueIdentifier>{c3e77fdd-c856-4572-b803-4ce061d5cca2}</UniqueIdentifier>
      <Extensions>rc;ico;cur;bmp;dlg;rc2;rct;bin;rgs;gif;jpg;jpeg;jpe;resx;tiff;tif;png;wav</Extensions>
    </Filter>
    <Filter Include="Source files\Device-specific files">
      <UniqueIdentifier>{f0ba3e5d-8efc-42ec-a72d-3c7295e89cfe}</UniqueIdentifier>
    </Filter>
    <Filter Include="Source files\Device-specific files\LL">
      <UniqueIdentifier>{8876e011-951d-47b3-a364-449a4ff62f3d}</UniqueIdentifier>
    </Filter>
    <Filter Include="Header files\Device-specific files">
      <UniqueIdentifier>{f39968a2-189b-4f59-a082-d99dfcdfc29f}</UniqueIdentifier>
    </Filter>
    <Filter Include="Header files\Device-specific files\LL">
      <UniqueIdentifier>{3e4caa61-fdcb-42a6-9283-107180cb24fe}</UniqueIdentifier>
    </Filter>
    <Filter Include="Make files">
      <UniqueIdentifier>{d49f9126-30a5-457c-8b3e-9cd6e21ca377}</UniqueIdentifier>
    </Filter>
    <Filter Include="VisualGDB settings">
      <UniqueIdentifier>{157f1306-c5b8-4800-878e-3eaeff27f53b}</UniqueIdentifier>
    </Filter>
  </ItemGroup>
  <ItemGroup />
  <ItemGroup>
    <ClCompile Include="14STM32F407VGT6_TEST1.c">
      <Filter>Source files</Filter>
    </ClCompile>
    <ClCompile Include="system_stm32f4xx.c">
      <Filter>Source files</Filter>
    </ClCompile>
    <None Include="stm32.mak">
      <Filter>Source files\Device-specific files</Filter>
    </None>
    <ClCompile Include="$(BSP_ROOT)\STM32F4xxxx\StartupFiles\startup_stm32f407xx.c">
      <Filter>Source files\Device-specific files</Filter>
    </ClCompile>
    <ClCompile Include="$(BSP_ROOT)\STM32F4xxxx\STM32F4xx_HAL_Driver\Src\stm32f4xx_ll_adc.c">
      <Filter>Source files\Device-specific files\LL</Filter>
    </ClCompile>
    <ClCompile Include="$(BSP_ROOT)\STM32F4xxxx\STM32F4xx_HAL_Driver\Src\stm32f4xx_ll_crc.c">
      <Filter>Source files\Device-specific files\LL</Filter>
    </ClCompile>
    <ClCompile Include="$(BSP_ROOT)\STM32F4xxxx\STM32F4xx_HAL_Driver\Src\stm32f4xx_ll_dac.c">
      <Filter>Source files\Device-specific files\LL</Filter>
    </ClCompile>
    <ClCompile Include="$(BSP_ROOT)\STM32F4xxxx\STM32F4xx_HAL_Driver\Src\stm32f4xx_ll_dma.c">
      <Filter>Source files\Device-specific files\LL</Filter>
    </ClCompile>
    <ClCompile Include="$(BSP_ROOT)\STM32F4xxxx\STM32F4xx_HAL_Driver\Src\stm32f4xx_ll_dma2d.c">
      <Filter>Source files\Device-specific files\LL</Filter>
    </ClCompile>
    <ClCompile Include="$(BSP_ROOT)\STM32F4xxxx\STM32F4xx_HAL_Driver\Src\stm32f4xx_ll_exti.c">
      <Filter>Source files\Device-specific files\LL</Filter>
    </ClCompile>
    <ClCompile Include="$(BSP_ROOT)\STM32F4xxxx\STM32F4xx_HAL_Driver\Src\stm32f4xx_ll_fmc.c">
      <Filter>Source files\Device-specific files\LL</Filter>
    </ClCompile>
    <ClCompile Include="$(BSP_ROOT)\STM32F4xxxx\STM32F4xx_HAL_Driver\Src\stm32f4xx_ll_fmpi2c.c">
      <Filter>Source files\Device-specific files\LL</Filter>
    </ClCompile>
    <ClCompile Include="$(BSP_ROOT)\STM32F4xxxx\STM32F4xx_HAL_Driver\Src\stm32f4xx_ll_fsmc.c">
      <Filter>Source files\Device-specific files\LL</Filter>
    </ClCompile>
    <ClCompile Include="$(BSP_ROOT)\STM32F4xxxx\STM32F4xx_HAL_Driver\Src\stm32f4xx_ll_gpio.c">
      <Filter>Source files\Device-specific files\LL</Filter>
    </ClCompile>
    <ClCompile Include="$(BSP_ROOT)\STM32F4xxxx\STM32F4xx_HAL_Driver\Src\stm32f4xx_ll_i2c.c">
      <Filter>Source files\Device-specific files\LL</Filter>
    </ClCompile>
    <ClCompile Include="$(BSP_ROOT)\STM32F4xxxx\STM32F4xx_HAL_Driver\Src\stm32f4xx_ll_lptim.c">
      <Filter>Source files\Device-specific files\LL</Filter>
    </ClCompile>
    <ClCompile Include="$(BSP_ROOT)\STM32F4xxxx\STM32F4xx_HAL_Driver\Src\stm32f4xx_ll_pwr.c">
      <Filter>Source files\Device-specific files\LL</Filter>
    </ClCompile>
    <ClCompile Include="$(BSP_ROOT)\STM32F4xxxx\STM32F4xx_HAL_Driver\Src\stm32f4xx_ll_rcc.c">
      <Filter>Source files\Device-specific files\LL</Filter>
    </ClCompile>
    <ClCompile Include="$(BSP_ROOT)\STM32F4xxxx\STM32F4xx_HAL_Driver\Src\stm32f4xx_ll_rng.c">
      <Filter>Source files\Device-specific files\LL</Filter>
    </ClCompile>
    <ClCompile Include="$(BSP_ROOT)\STM32F4xxxx\STM32F4xx_HAL_Driver\Src\stm32f4xx_ll_rtc.c">
      <Filter>Source files\Device-specific files\LL</Filter>
    </ClCompile>
    <ClCompile Include="$(BSP_ROOT)\STM32F4xxxx\STM32F4xx_HAL_Driver\Src\stm32f4xx_ll_sdmmc.c">
      <Filter>Source files\Device-specific files\LL</Filter>
    </ClCompile>
    <ClCompile Include="$(BSP_ROOT)\STM32F4xxxx\STM32F4xx_HAL_Driver\Src\stm32f4xx_ll_spi.c">
      <Filter>Source files\Device-specific files\LL</Filter>
    </ClCompile>
    <ClCompile Include="$(BSP_ROOT)\STM32F4xxxx\STM32F4xx_HAL_Driver\Src\stm32f4xx_ll_tim.c">
      <Filter>Source files\Device-specific files\LL</Filter>
    </ClCompile>
    <ClCompile Include="$(BSP_ROOT)\STM32F4xxxx\STM32F4xx_HAL_Driver\Src\stm32f4xx_ll_usart.c">
      <Filter>Source files\Device-specific files\LL</Filter>
    </ClCompile>
    <ClCompile Include="$(BSP_ROOT)\STM32F4xxxx\STM32F4xx_HAL_Driver\Src\stm32f4xx_ll_utils.c">
      <Filter>Source files\Device-specific files\LL</Filter>
    </ClCompile>
    <ClInclude Include="stm32f4xx_hal_conf.h">
      <Filter>Header files</Filter>
    </ClInclude>
    <ClInclude Include="$(BSP_ROOT)\STM32F4xxxx\STM32F4xx_HAL_Driver\Inc\stm32f4xx_ll_adc.h">
      <Filter>Header files\Device-specific files\LL</Filter>
    </ClInclude>
    <ClInclude Include="$(BSP_ROOT)\STM32F4xxxx\STM32F4xx_HAL_Driver\Inc\stm32f4xx_ll_bus.h">
      <Filter>Header files\Device-specific files\LL</Filter>
    </ClInclude>
    <ClInclude Include="$(BSP_ROOT)\STM32F4xxxx\STM32F4xx_HAL_Driver\Inc\stm32f4xx_ll_cortex.h">
      <Filter>Header files\Device-specific files\LL</Filter>
    </ClInclude>
    <ClInclude Include="$(BSP_ROOT)\STM32F4xxxx\STM32F4xx_HAL_Driver\Inc\stm32f4xx_ll_crc.h">
      <Filter>Header files\Device-specific files\LL</Filter>
    </ClInclude>
    <ClInclude Include="$(BSP_ROOT)\STM32F4xxxx\STM32F4xx_HAL_Driver\Inc\stm32f4xx_ll_dac.h">
      <Filter>Header files\Device-specific files\LL</Filter>
    </ClInclude>
    <ClInclude Include="$(BSP_ROOT)\STM32F4xxxx\STM32F4xx_HAL_Driver\Inc\stm32f4xx_ll_dma.h">
      <Filter>Header files\Device-specific files\LL</Filter>
    </ClInclude>
    <ClInclude Include="$(BSP_ROOT)\STM32F4xxxx\STM32F4xx_HAL_Driver\Inc\stm32f4xx_ll_dma2d.h">
      <Filter>Header files\Device-specific files\LL</Filter>
    </ClInclude>
    <ClInclude Include="$(BSP_ROOT)\STM32F4xxxx\STM32F4xx_HAL_Driver\Inc\stm32f4xx_ll_exti.h">
      <Filter>Header files\Device-specific files\LL</Filter>
    </ClInclude>
    <ClInclude Include="$(BSP_ROOT)\STM32F4xxxx\STM32F4xx_HAL_Driver\Inc\stm32f4xx_ll_fmc.h">
      <Filter>Header files\Device-specific files\LL</Filter>
    </ClInclude>
    <ClInclude Include="$(BSP_ROOT)\STM32F4xxxx\STM32F4xx_HAL_Driver\Inc\stm32f4xx_ll_fmpi2c.h">
      <Filter>Header files\Device-specific files\LL</Filter>
    </ClInclude>
    <ClInclude Include="$(BSP_ROOT)\STM32F4xxxx\STM32F4xx_HAL_Driver\Inc\stm32f4xx_ll_fsmc.h">
      <Filter>Header files\Device-specific files\LL</Filter>
    </ClInclude>
    <ClInclude Include="$(BSP_ROOT)\STM32F4xxxx\STM32F4xx_HAL_Driver\Inc\stm32f4xx_ll_gpio.h">
      <Filter>Header files\Device-specific files\LL</Filter>
    </ClInclude>
    <ClInclude Include="$(BSP_ROOT)\STM32F4xxxx\STM32F4xx_HAL_Driver\Inc\stm32f4xx_ll_i2c.h">
      <Filter>Header files\Device-specific files\LL</Filter>
    </ClInclude>
    <ClInclude Include="$(BSP_ROOT)\STM32F4xxxx\STM32F4xx_HAL_Driver\Inc\stm32f4xx_ll_iwdg.h">
      <Filter>Header files\Device-specific files\LL</Filter>
    </ClInclude>
    <ClInclude Include="$(BSP_ROOT)\STM32F4xxxx\STM32F4xx_HAL_Driver\Inc\stm32f4xx_ll_lptim.h">
      <Filter>Header files\Device-specific files\LL</Filter>
    </ClInclude>
    <ClInclude Include="$(BSP_ROOT)\STM32F4xxxx\STM32F4xx_HAL_Driver\Inc\stm32f4xx_ll_pwr.h">
      <Filter>Header files\Device-specific files\LL</Filter>
    </ClInclude>
    <ClInclude Include="$(BSP_ROOT)\STM32F4xxxx\STM32F4xx_HAL_Driver\Inc\stm32f4xx_ll_rcc.h">
      <Filter>Header files\Device-specific files\LL</Filter>
    </ClInclude>
    <ClInclude Include="$(BSP_ROOT)\STM32F4xxxx\STM32F4xx_HAL_Driver\Inc\stm32f4xx_ll_rng.h">
      <Filter>Header files\Device-specific files\LL</Filter>
    </ClInclude>
    <ClInclude Include="$(BSP_ROOT)\STM32F4xxxx\STM32F4xx_HAL_Driver\Inc\stm32f4xx_ll_rtc.h">
      <Filter>Header files\Device-specific files\LL</Filter>
    </ClInclude>
    <ClInclude Include="$(BSP_ROOT)\STM32F4xxxx\STM32F4xx_HAL_Driver\Inc\stm32f4xx_ll_sdmmc.h">
      <Filter>Header files\Device-specific files\LL</Filter>
    </ClInclude>
    <ClInclude Include="$(BSP_ROOT)\STM32F4xxxx\STM32F4xx_HAL_Driver\Inc\stm32f4xx_ll_spi.h">
      <Filter>Header files\Device-specific files\LL</Filter>
    </ClInclude>
    <ClInclude Include="$(BSP_ROOT)\STM32F4xxxx\STM32F4xx_HAL_Driver\Inc\stm32f4xx_ll_system.h">
      <Filter>Header files\Device-specific files\LL</Filter>
    </ClInclude>
    <ClInclude Include="$(BSP_ROOT)\STM32F4xxxx\STM32F4xx_HAL_Driver\Inc\stm32f4xx_ll_tim.h">
      <Filter>Header files\Device-specific files\LL</Filter>
    </ClInclude>
    <ClInclude Include="$(BSP_ROOT)\STM32F4xxxx\STM32F4xx_HAL_Driver\Inc\stm32f4xx_ll_usart.h">
      <Filter>Header files\Device-specific files\LL</Filter>
    </ClInclude>
    <ClInclude Include="$(BSP_ROOT)\STM32F4xxxx\STM32F4xx_HAL_Driver\Inc\stm32f4xx_ll_utils.h">
      <Filter>Header files\Device-specific files\LL</Filter>
    </ClInclude>
    <ClInclude Include="$(BSP_ROOT)\STM32F4xxxx\STM32F4xx_HAL_Driver\Inc\stm32f4xx_ll_wwdg.h">
      <Filter>Header files\Device-specific files\LL</Filter>
    </ClInclude>
    <None Include="debug.mak">
      <Filter>Make files</Filter>
    </None>
    <None Include="release.mak">
      <Filter>Make files</Filter>
    </None>
    <None Include="14STM32F407VGT6_TEST1-Debug.vgdbsettings">
      <Filter>VisualGDB settings</Filter>
    </None>
    <None Include="14STM32F407VGT6_TEST1-Release.vgdbsettings">
      <Filter>VisualGDB settings</Filter>
    </None>
    <None Include="stm32.xml">
      <Filter>VisualGDB settings</Filter>
    </None>
  </ItemGroup>
</Project>